
Microsoft Visual Studio Solution File, Format Version 12.00
# Visual Studio Version 16
VisualStudioVersion = 16.0.30413.136
MinimumVisualStudioVersion = 10.0.40219.1
Project("{FAE04EC0-301F-11D3-BF4B-00C04F79EFBC}") = "EnhancedBlogger", "EnhancedBlogger.csproj", "{5EDC12B2-F5A6-43CB-A1D8-89026A07E3A2}"
EndProject
Global
	GlobalSection(SolutionConfigurationPlatforms) = preSolution
		Debug|Any CPU = Debug|Any CPU
		Release|Any CPU = Release|Any CPU
	EndGlobalSection
	GlobalSection(ProjectConfigurationPlatforms) = postSolution
		{5EDC12B2-F5A6-43CB-A1D8-89026A07E3A2}.Debug|Any CPU.ActiveCfg = Debug|Any CPU
		{5EDC12B2-F5A6-43CB-A1D8-89026A07E3A2}.Debug|Any CPU.Build.0 = Debug|Any CPU
		{5EDC12B2-F5A6-43CB-A1D8-89026A07E3A2}.Release|Any CPU.ActiveCfg = Release|Any CPU
		{5EDC12B2-F5A6-43CB-A1D8-89026A07E3A2}.Release|Any CPU.Build.0 = Release|Any CPU
	EndGlobalSection
	GlobalSection(SolutionProperties) = preSolution
		HideSolutionNode = FALSE
	EndGlobalSection
	GlobalSection(ExtensibilityGlobals) = postSolution
		SolutionGuid = {03E10280-CDF1-4D22-803C-053EF0F48F0B}
	EndGlobalSection
EndGlobal
